
Microsoft Visual Studio Solution File, Format Version 12.00
# Visual Studio Version 16
VisualStudioVersion = 16.0.31702.278
MinimumVisualStudioVersion = 10.0.40219.1
Project("{9A19103F-16F7-4668-BE54-9A1E7A4F7556}") = "Empwageproblems Day8", "Empwageproblems Day8.csproj", "{AEE12233-89F8-4B6F-83F3-43B37FAD6062}"
EndProject
Project("{FAE04EC0-301F-11D3-BF4B-00C04F79EFBC}") = "LineComparisonDay8", "..\LineComparisonDay8\LineComparisonDay8.csproj", "{6FE60B92-7EF0-4C48-8C29-1CEB39BE53FB}"
EndProject
Global
	GlobalSection(SolutionConfigurationPlatforms) = preSolution
		Debug|Any CPU = Debug|Any CPU
		Release|Any CPU = Release|Any CPU
	EndGlobalSection
	GlobalSection(ProjectConfigurationPlatforms) = postSolution
		{AEE12233-89F8-4B6F-83F3-43B37FAD6062}.Debug|Any CPU.ActiveCfg = Debug|Any CPU
		{AEE12233-89F8-4B6F-83F3-43B37FAD6062}.Debug|Any CPU.Build.0 = Debug|Any CPU
		{AEE12233-89F8-4B6F-83F3-43B37FAD6062}.Release|Any CPU.ActiveCfg = Release|Any CPU
		{AEE12233-89F8-4B6F-83F3-43B37FAD6062}.Release|Any CPU.Build.0 = Release|Any CPU
		{6FE60B92-7EF0-4C48-8C29-1CEB39BE53FB}.Debug|Any CPU.ActiveCfg = Debug|Any CPU
		{6FE60B92-7EF0-4C48-8C29-1CEB39BE53FB}.Debug|Any CPU.Build.0 = Debug|Any CPU
		{6FE60B92-7EF0-4C48-8C29-1CEB39BE53FB}.Release|Any CPU.ActiveCfg = Release|Any CPU
		{6FE60B92-7EF0-4C48-8C29-1CEB39BE53FB}.Release|Any CPU.Build.0 = Release|Any CPU
	EndGlobalSection
	GlobalSection(SolutionProperties) = preSolution
		HideSolutionNode = FALSE
	EndGlobalSection
	GlobalSection(ExtensibilityGlobals) = postSolution
		SolutionGuid = {4E269E4A-21AF-46AD-A437-6BF5A0DB586F}
	EndGlobalSection
EndGlobal
